
Microsoft Visual Studio Solution File, Format Version 12.00
# Visual Studio Version 16
VisualStudioVersion = 16.0.32413.511
MinimumVisualStudioVersion = 10.0.40219.1
Project("{FAE04EC0-301F-11D3-BF4B-00C04F79EFBC}") = "Churrap.Android", "Churrap\Churrap.Android\Churrap.Android.csproj", "{8E2F0CE6-6AF6-4E31-9C07-422838C30138}"
EndProject
Project("{FAE04EC0-301F-11D3-BF4B-00C04F79EFBC}") = "Churrap", "Churrap\Churrap\Churrap.csproj", "{7768C798-C7CE-4A21-8C4F-5A2F50C3FB7F}"
EndProject
Global
	GlobalSection(SolutionConfigurationPlatforms) = preSolution
		Debug|Any CPU = Debug|Any CPU
		Release|Any CPU = Release|Any CPU
	EndGlobalSection
	GlobalSection(ProjectConfigurationPlatforms) = postSolution
		{8E2F0CE6-6AF6-4E31-9C07-422838C30138}.Debug|Any CPU.ActiveCfg = Debug|Any CPU
		{8E2F0CE6-6AF6-4E31-9C07-422838C30138}.Debug|Any CPU.Build.0 = Debug|Any CPU
		{8E2F0CE6-6AF6-4E31-9C07-422838C30138}.Debug|Any CPU.Deploy.0 = Debug|Any CPU
		{8E2F0CE6-6AF6-4E31-9C07-422838C30138}.Release|Any CPU.ActiveCfg = Release|Any CPU
		{8E2F0CE6-6AF6-4E31-9C07-422838C30138}.Release|Any CPU.Build.0 = Release|Any CPU
		{8E2F0CE6-6AF6-4E31-9C07-422838C30138}.Release|Any CPU.Deploy.0 = Release|Any CPU
		{7768C798-C7CE-4A21-8C4F-5A2F50C3FB7F}.Debug|Any CPU.ActiveCfg = Debug|Any CPU
		{7768C798-C7CE-4A21-8C4F-5A2F50C3FB7F}.Debug|Any CPU.Build.0 = Debug|Any CPU
		{7768C798-C7CE-4A21-8C4F-5A2F50C3FB7F}.Debug|Any CPU.Deploy.0 = Debug|Any CPU
		{7768C798-C7CE-4A21-8C4F-5A2F50C3FB7F}.Release|Any CPU.ActiveCfg = Release|Any CPU
		{7768C798-C7CE-4A21-8C4F-5A2F50C3FB7F}.Release|Any CPU.Build.0 = Release|Any CPU
		{7768C798-C7CE-4A21-8C4F-5A2F50C3FB7F}.Release|Any CPU.Deploy.0 = Release|Any CPU
	EndGlobalSection
	GlobalSection(SolutionProperties) = preSolution
		HideSolutionNode = FALSE
	EndGlobalSection
	GlobalSection(ExtensibilityGlobals) = postSolution
		SolutionGuid = {9B29955A-C441-466C-A4AB-C97BDAA6FBE1}
	EndGlobalSection
EndGlobal
